
Microsoft Visual Studio Solution File, Format Version 12.00
# Visual Studio Version 16
VisualStudioVersion = 16.0.30804.86
MinimumVisualStudioVersion = 10.0.40219.1
Project("{FAE04EC0-301F-11D3-BF4B-00C04F79EFBC}") = "CSV searcher", "CSV searcher\CSV searcher.csproj", "{463119B8-FC3D-4057-BF1E-C211076B734E}"
EndProject
Global
	GlobalSection(SolutionConfigurationPlatforms) = preSolution
		Debug|Any CPU = Debug|Any CPU
		Release|Any CPU = Release|Any CPU
	EndGlobalSection
	GlobalSection(ProjectConfigurationPlatforms) = postSolution
		{463119B8-FC3D-4057-BF1E-C211076B734E}.Debug|Any CPU.ActiveCfg = Debug|Any CPU
		{463119B8-FC3D-4057-BF1E-C211076B734E}.Debug|Any CPU.Build.0 = Debug|Any CPU
		{463119B8-FC3D-4057-BF1E-C211076B734E}.Release|Any CPU.ActiveCfg = Release|Any CPU
		{463119B8-FC3D-4057-BF1E-C211076B734E}.Release|Any CPU.Build.0 = Release|Any CPU
	EndGlobalSection
	GlobalSection(SolutionProperties) = preSolution
		HideSolutionNode = FALSE
	EndGlobalSection
	GlobalSection(ExtensibilityGlobals) = postSolution
		SolutionGuid = {0535E132-B55F-49C5-89E4-1B38326F25FD}
	EndGlobalSection
EndGlobal
